
Microsoft Visual Studio Solution File, Format Version 12.00
# Visual Studio Version 16
VisualStudioVersion = 16.0.30413.136
MinimumVisualStudioVersion = 10.0.40219.1
Project("{FAE04EC0-301F-11D3-BF4B-00C04F79EFBC}") = "HowOldAreYou", "HowOldAreYou\HowOldAreYou.csproj", "{3AB3F61D-0B5D-4900-A47C-24A1F93DC809}"
EndProject
Global
	GlobalSection(SolutionConfigurationPlatforms) = preSolution
		Debug|Any CPU = Debug|Any CPU
		Release|Any CPU = Release|Any CPU
	EndGlobalSection
	GlobalSection(ProjectConfigurationPlatforms) = postSolution
		{3AB3F61D-0B5D-4900-A47C-24A1F93DC809}.Debug|Any CPU.ActiveCfg = Debug|Any CPU
		{3AB3F61D-0B5D-4900-A47C-24A1F93DC809}.Debug|Any CPU.Build.0 = Debug|Any CPU
		{3AB3F61D-0B5D-4900-A47C-24A1F93DC809}.Release|Any CPU.ActiveCfg = Release|Any CPU
		{3AB3F61D-0B5D-4900-A47C-24A1F93DC809}.Release|Any CPU.Build.0 = Release|Any CPU
	EndGlobalSection
	GlobalSection(SolutionProperties) = preSolution
		HideSolutionNode = FALSE
	EndGlobalSection
	GlobalSection(ExtensibilityGlobals) = postSolution
		SolutionGuid = {6D72A549-FAC4-4804-9CAC-1FA9C30C8BAF}
	EndGlobalSection
EndGlobal
